
Microsoft Visual Studio Solution File, Format Version 12.00
# Visual Studio 15
VisualStudioVersion = 15.0.28307.329
MinimumVisualStudioVersion = 10.0.40219.1
Project("{FAE04EC0-301F-11D3-BF4B-00C04F79EFBC}") = "CursorModeler", "CursorModeler\CursorModeler.csproj", "{8A7E9819-F890-46E4-B627-75E83DCC957D}"
EndProject
Global
	GlobalSection(SolutionConfigurationPlatforms) = preSolution
		Debug|Any CPU = Debug|Any CPU
		PoC|Any CPU = PoC|Any CPU
		Release|Any CPU = Release|Any CPU
	EndGlobalSection
	GlobalSection(ProjectConfigurationPlatforms) = postSolution
		{8A7E9819-F890-46E4-B627-75E83DCC957D}.Debug|Any CPU.ActiveCfg = Debug|Any CPU
		{8A7E9819-F890-46E4-B627-75E83DCC957D}.Debug|Any CPU.Build.0 = Debug|Any CPU
		{8A7E9819-F890-46E4-B627-75E83DCC957D}.PoC|Any CPU.ActiveCfg = PoC|Any CPU
		{8A7E9819-F890-46E4-B627-75E83DCC957D}.PoC|Any CPU.Build.0 = PoC|Any CPU
		{8A7E9819-F890-46E4-B627-75E83DCC957D}.Release|Any CPU.ActiveCfg = Release|Any CPU
		{8A7E9819-F890-46E4-B627-75E83DCC957D}.Release|Any CPU.Build.0 = Release|Any CPU
	EndGlobalSection
	GlobalSection(SolutionProperties) = preSolution
		HideSolutionNode = FALSE
	EndGlobalSection
	GlobalSection(ExtensibilityGlobals) = postSolution
		SolutionGuid = {CEF06CD3-FD95-40FF-BFBB-3FC6BD8C525A}
	EndGlobalSection
EndGlobal
